
Microsoft Visual Studio Solution File, Format Version 12.00
# Visual Studio Version 17
VisualStudioVersion = 17.8.34309.116
MinimumVisualStudioVersion = 10.0.40219.1
Project("{9A19103F-16F7-4668-BE54-9A1E7A4F7556}") = "MVC", "MVC\MVC.csproj", "{FA0F5CEC-1827-479C-89D7-B43B925F5012}"
EndProject
Project("{9A19103F-16F7-4668-BE54-9A1E7A4F7556}") = "DataAccess", "DataAccess\DataAccess.csproj", "{DA572C45-FDE3-41CA-B9CC-078CEAF395E1}"
EndProject
Project("{9A19103F-16F7-4668-BE54-9A1E7A4F7556}") = "Business", "Business\Business.csproj", "{DE37DFC2-623A-4D41-B51D-1D471AF53B52}"
EndProject
Project("{2150E333-8FDC-42A3-9474-1A3956D46DE8}") = "Solution Items", "Solution Items", "{0786933B-F0EF-4CE7-BB20-7412AAF0B646}"
	ProjectSection(SolutionItems) = preProject
		TODO.txt = TODO.txt
	EndProjectSection
EndProject
Global
	GlobalSection(SolutionConfigurationPlatforms) = preSolution
		Debug|Any CPU = Debug|Any CPU
		Release|Any CPU = Release|Any CPU
	EndGlobalSection
	GlobalSection(ProjectConfigurationPlatforms) = postSolution
		{FA0F5CEC-1827-479C-89D7-B43B925F5012}.Debug|Any CPU.ActiveCfg = Debug|Any CPU
		{FA0F5CEC-1827-479C-89D7-B43B925F5012}.Debug|Any CPU.Build.0 = Debug|Any CPU
		{FA0F5CEC-1827-479C-89D7-B43B925F5012}.Release|Any CPU.ActiveCfg = Release|Any CPU
		{FA0F5CEC-1827-479C-89D7-B43B925F5012}.Release|Any CPU.Build.0 = Release|Any CPU
		{DA572C45-FDE3-41CA-B9CC-078CEAF395E1}.Debug|Any CPU.ActiveCfg = Debug|Any CPU
		{DA572C45-FDE3-41CA-B9CC-078CEAF395E1}.Debug|Any CPU.Build.0 = Debug|Any CPU
		{DA572C45-FDE3-41CA-B9CC-078CEAF395E1}.Release|Any CPU.ActiveCfg = Release|Any CPU
		{DA572C45-FDE3-41CA-B9CC-078CEAF395E1}.Release|Any CPU.Build.0 = Release|Any CPU
		{DE37DFC2-623A-4D41-B51D-1D471AF53B52}.Debug|Any CPU.ActiveCfg = Debug|Any CPU
		{DE37DFC2-623A-4D41-B51D-1D471AF53B52}.Debug|Any CPU.Build.0 = Debug|Any CPU
		{DE37DFC2-623A-4D41-B51D-1D471AF53B52}.Release|Any CPU.ActiveCfg = Release|Any CPU
		{DE37DFC2-623A-4D41-B51D-1D471AF53B52}.Release|Any CPU.Build.0 = Release|Any CPU
	EndGlobalSection
	GlobalSection(SolutionProperties) = preSolution
		HideSolutionNode = FALSE
	EndGlobalSection
	GlobalSection(ExtensibilityGlobals) = postSolution
		SolutionGuid = {6FB17D27-51EA-43E1-B8EB-61D07476B80C}
	EndGlobalSection
EndGlobal
